
Microsoft Visual Studio Solution File, Format Version 12.00
# Visual Studio Express 15 for Windows Desktop
VisualStudioVersion = 15.0.28307.489
MinimumVisualStudioVersion = 10.0.40219.1
Project("{FAE04EC0-301F-11D3-BF4B-00C04F79EFBC}") = "autobazar", "autobazar\autobazar.csproj", "{6DC824C5-059F-42C4-978A-625BBFC115BF}"
EndProject
Global
	GlobalSection(SolutionConfigurationPlatforms) = preSolution
		Debug|Any CPU = Debug|Any CPU
		Release|Any CPU = Release|Any CPU
	EndGlobalSection
	GlobalSection(ProjectConfigurationPlatforms) = postSolution
		{6DC824C5-059F-42C4-978A-625BBFC115BF}.Debug|Any CPU.ActiveCfg = Debug|Any CPU
		{6DC824C5-059F-42C4-978A-625BBFC115BF}.Debug|Any CPU.Build.0 = Debug|Any CPU
		{6DC824C5-059F-42C4-978A-625BBFC115BF}.Release|Any CPU.ActiveCfg = Release|Any CPU
		{6DC824C5-059F-42C4-978A-625BBFC115BF}.Release|Any CPU.Build.0 = Release|Any CPU
	EndGlobalSection
	GlobalSection(SolutionProperties) = preSolution
		HideSolutionNode = FALSE
	EndGlobalSection
	GlobalSection(ExtensibilityGlobals) = postSolution
		SolutionGuid = {3EFBB1EF-1D48-4477-9350-7FE1E7A6C514}
	EndGlobalSection
EndGlobal
